
Microsoft Visual Studio Solution File, Format Version 12.00
# Visual Studio Version 16
VisualStudioVersion = 16.0.31613.86
MinimumVisualStudioVersion = 10.0.40219.1
Project("{FAE04EC0-301F-11D3-BF4B-00C04F79EFBC}") = "Execricio_01_TEDS", "Execricio_01_TEDS\Execricio_01_TEDS.csproj", "{56B66F3C-A7F7-49EF-887A-A44D81961ADA}"
EndProject
Global
	GlobalSection(SolutionConfigurationPlatforms) = preSolution
		Debug|Any CPU = Debug|Any CPU
		Release|Any CPU = Release|Any CPU
	EndGlobalSection
	GlobalSection(ProjectConfigurationPlatforms) = postSolution
		{56B66F3C-A7F7-49EF-887A-A44D81961ADA}.Debug|Any CPU.ActiveCfg = Debug|Any CPU
		{56B66F3C-A7F7-49EF-887A-A44D81961ADA}.Debug|Any CPU.Build.0 = Debug|Any CPU
		{56B66F3C-A7F7-49EF-887A-A44D81961ADA}.Release|Any CPU.ActiveCfg = Release|Any CPU
		{56B66F3C-A7F7-49EF-887A-A44D81961ADA}.Release|Any CPU.Build.0 = Release|Any CPU
	EndGlobalSection
	GlobalSection(SolutionProperties) = preSolution
		HideSolutionNode = FALSE
	EndGlobalSection
	GlobalSection(ExtensibilityGlobals) = postSolution
		SolutionGuid = {66949F2C-3EAE-466D-90D3-884A37E78E10}
	EndGlobalSection
EndGlobal
